
Microsoft Visual Studio Solution File, Format Version 12.00
# Visual Studio 14
VisualStudioVersion = 14.0.24720.0
MinimumVisualStudioVersion = 10.0.40219.1
Project("{FAE04EC0-301F-11D3-BF4B-00C04F79EFBC}") = "01", "01\01.csproj", "{822BEF77-0D7B-40CB-8C76-6A6F1D4AABDE}"
EndProject
Project("{FAE04EC0-301F-11D3-BF4B-00C04F79EFBC}") = "02", "02\02.csproj", "{961A48CF-B13A-41C2-A1CA-749A9C17A473}"
EndProject
Project("{FAE04EC0-301F-11D3-BF4B-00C04F79EFBC}") = "03", "03\03.csproj", "{EAC8F525-DB27-431C-984D-BB2E46D56BCE}"
EndProject
Project("{FAE04EC0-301F-11D3-BF4B-00C04F79EFBC}") = "04", "04\04.csproj", "{93706A05-3355-4604-BBAE-0DE944C2E676}"
EndProject
Project("{FAE04EC0-301F-11D3-BF4B-00C04F79EFBC}") = "06", "06\06.csproj", "{28122B90-28FE-4CB3-AF63-F205951D841C}"
EndProject
Project("{FAE04EC0-301F-11D3-BF4B-00C04F79EFBC}") = "07", "07\07.csproj", "{3AD4C99F-8336-4D96-812E-0FFF9A5A2026}"
EndProject
Project("{FAE04EC0-301F-11D3-BF4B-00C04F79EFBC}") = "08", "08\08.csproj", "{A2D646E7-A191-40C5-BC36-A9EBE1C3F51C}"
EndProject
Project("{FAE04EC0-301F-11D3-BF4B-00C04F79EFBC}") = "URLParser", "URLParser\URLParser.csproj", "{8B7D4837-1AC2-4677-8A2A-299FE918B3BC}"
EndProject
Project("{FAE04EC0-301F-11D3-BF4B-00C04F79EFBC}") = "09", "09\09.csproj", "{9E24D372-5984-4DFB-AB8D-4D94D3670957}"
EndProject
Project("{FAE04EC0-301F-11D3-BF4B-00C04F79EFBC}") = "10", "10\10.csproj", "{54F80DBE-5E92-4321-97C9-A167BBB8FBFF}"
EndProject
Project("{FAE04EC0-301F-11D3-BF4B-00C04F79EFBC}") = "12", "12\12.csproj", "{510521AB-BDF4-4B8E-8167-FB89F316EB00}"
EndProject
Project("{FAE04EC0-301F-11D3-BF4B-00C04F79EFBC}") = "ReverseSentence", "ReverseSentence\ReverseSentence.csproj", "{BC3CC8F1-6E2B-4717-9A47-B0F019F48F0D}"
EndProject
Global
	GlobalSection(SolutionConfigurationPlatforms) = preSolution
		Debug|Any CPU = Debug|Any CPU
		Release|Any CPU = Release|Any CPU
	EndGlobalSection
	GlobalSection(ProjectConfigurationPlatforms) = postSolution
		{822BEF77-0D7B-40CB-8C76-6A6F1D4AABDE}.Debug|Any CPU.ActiveCfg = Debug|Any CPU
		{822BEF77-0D7B-40CB-8C76-6A6F1D4AABDE}.Debug|Any CPU.Build.0 = Debug|Any CPU
		{822BEF77-0D7B-40CB-8C76-6A6F1D4AABDE}.Release|Any CPU.ActiveCfg = Release|Any CPU
		{822BEF77-0D7B-40CB-8C76-6A6F1D4AABDE}.Release|Any CPU.Build.0 = Release|Any CPU
		{961A48CF-B13A-41C2-A1CA-749A9C17A473}.Debug|Any CPU.ActiveCfg = Debug|Any CPU
		{961A48CF-B13A-41C2-A1CA-749A9C17A473}.Debug|Any CPU.Build.0 = Debug|Any CPU
		{961A48CF-B13A-41C2-A1CA-749A9C17A473}.Release|Any CPU.ActiveCfg = Release|Any CPU
		{961A48CF-B13A-41C2-A1CA-749A9C17A473}.Release|Any CPU.Build.0 = Release|Any CPU
		{EAC8F525-DB27-431C-984D-BB2E46D56BCE}.Debug|Any CPU.ActiveCfg = Debug|Any CPU
		{EAC8F525-DB27-431C-984D-BB2E46D56BCE}.Debug|Any CPU.Build.0 = Debug|Any CPU
		{EAC8F525-DB27-431C-984D-BB2E46D56BCE}.Release|Any CPU.ActiveCfg = Release|Any CPU
		{EAC8F525-DB27-431C-984D-BB2E46D56BCE}.Release|Any CPU.Build.0 = Release|Any CPU
		{93706A05-3355-4604-BBAE-0DE944C2E676}.Debug|Any CPU.ActiveCfg = Debug|Any CPU
		{93706A05-3355-4604-BBAE-0DE944C2E676}.Debug|Any CPU.Build.0 = Debug|Any CPU
		{93706A05-3355-4604-BBAE-0DE944C2E676}.Release|Any CPU.ActiveCfg = Release|Any CPU
		{93706A05-3355-4604-BBAE-0DE944C2E676}.Release|Any CPU.Build.0 = Release|Any CPU
		{28122B90-28FE-4CB3-AF63-F205951D841C}.Debug|Any CPU.ActiveCfg = Debug|Any CPU
		{28122B90-28FE-4CB3-AF63-F205951D841C}.Debug|Any CPU.Build.0 = Debug|Any CPU
		{28122B90-28FE-4CB3-AF63-F205951D841C}.Release|Any CPU.ActiveCfg = Release|Any CPU
		{28122B90-28FE-4CB3-AF63-F205951D841C}.Release|Any CPU.Build.0 = Release|Any CPU
		{3AD4C99F-8336-4D96-812E-0FFF9A5A2026}.Debug|Any CPU.ActiveCfg = Debug|Any CPU
		{3AD4C99F-8336-4D96-812E-0FFF9A5A2026}.Debug|Any CPU.Build.0 = Debug|Any CPU
		{3AD4C99F-8336-4D96-812E-0FFF9A5A2026}.Release|Any CPU.ActiveCfg = Release|Any CPU
		{3AD4C99F-8336-4D96-812E-0FFF9A5A2026}.Release|Any CPU.Build.0 = Release|Any CPU
		{A2D646E7-A191-40C5-BC36-A9EBE1C3F51C}.Debug|Any CPU.ActiveCfg = Debug|Any CPU
		{A2D646E7-A191-40C5-BC36-A9EBE1C3F51C}.Debug|Any CPU.Build.0 = Debug|Any CPU
		{A2D646E7-A191-40C5-BC36-A9EBE1C3F51C}.Release|Any CPU.ActiveCfg = Release|Any CPU
		{A2D646E7-A191-40C5-BC36-A9EBE1C3F51C}.Release|Any CPU.Build.0 = Release|Any CPU
		{8B7D4837-1AC2-4677-8A2A-299FE918B3BC}.Debug|Any CPU.ActiveCfg = Debug|Any CPU
		{8B7D4837-1AC2-4677-8A2A-299FE918B3BC}.Debug|Any CPU.Build.0 = Debug|Any CPU
		{8B7D4837-1AC2-4677-8A2A-299FE918B3BC}.Release|Any CPU.ActiveCfg = Release|Any CPU
		{8B7D4837-1AC2-4677-8A2A-299FE918B3BC}.Release|Any CPU.Build.0 = Release|Any CPU
		{9E24D372-5984-4DFB-AB8D-4D94D3670957}.Debug|Any CPU.ActiveCfg = Debug|Any CPU
		{9E24D372-5984-4DFB-AB8D-4D94D3670957}.Debug|Any CPU.Build.0 = Debug|Any CPU
		{9E24D372-5984-4DFB-AB8D-4D94D3670957}.Release|Any CPU.ActiveCfg = Release|Any CPU
		{9E24D372-5984-4DFB-AB8D-4D94D3670957}.Release|Any CPU.Build.0 = Release|Any CPU
		{54F80DBE-5E92-4321-97C9-A167BBB8FBFF}.Debug|Any CPU.ActiveCfg = Debug|Any CPU
		{54F80DBE-5E92-4321-97C9-A167BBB8FBFF}.Debug|Any CPU.Build.0 = Debug|Any CPU
		{54F80DBE-5E92-4321-97C9-A167BBB8FBFF}.Release|Any CPU.ActiveCfg = Release|Any CPU
		{54F80DBE-5E92-4321-97C9-A167BBB8FBFF}.Release|Any CPU.Build.0 = Release|Any CPU
		{510521AB-BDF4-4B8E-8167-FB89F316EB00}.Debug|Any CPU.ActiveCfg = Debug|Any CPU
		{510521AB-BDF4-4B8E-8167-FB89F316EB00}.Debug|Any CPU.Build.0 = Debug|Any CPU
		{510521AB-BDF4-4B8E-8167-FB89F316EB00}.Release|Any CPU.ActiveCfg = Release|Any CPU
		{510521AB-BDF4-4B8E-8167-FB89F316EB00}.Release|Any CPU.Build.0 = Release|Any CPU
		{BC3CC8F1-6E2B-4717-9A47-B0F019F48F0D}.Debug|Any CPU.ActiveCfg = Debug|Any CPU
		{BC3CC8F1-6E2B-4717-9A47-B0F019F48F0D}.Debug|Any CPU.Build.0 = Debug|Any CPU
		{BC3CC8F1-6E2B-4717-9A47-B0F019F48F0D}.Release|Any CPU.ActiveCfg = Release|Any CPU
		{BC3CC8F1-6E2B-4717-9A47-B0F019F48F0D}.Release|Any CPU.Build.0 = Release|Any CPU
	EndGlobalSection
	GlobalSection(SolutionProperties) = preSolution
		HideSolutionNode = FALSE
	EndGlobalSection
EndGlobal
